
Microsoft Visual Studio Solution File, Format Version 12.00
# Visual Studio Version 17
VisualStudioVersion = 17.11.35222.181
MinimumVisualStudioVersion = 10.0.40219.1
Project("{FAE04EC0-301F-11D3-BF4B-00C04F79EFBC}") = "5m05consPalindrom", "5m05consPalindrom\5m05consPalindrom.csproj", "{F99F7175-3A1F-43BC-B0D3-C4F530A71481}"
EndProject
Global
	GlobalSection(SolutionConfigurationPlatforms) = preSolution
		Debug|Any CPU = Debug|Any CPU
		Release|Any CPU = Release|Any CPU
	EndGlobalSection
	GlobalSection(ProjectConfigurationPlatforms) = postSolution
		{F99F7175-3A1F-43BC-B0D3-C4F530A71481}.Debug|Any CPU.ActiveCfg = Debug|Any CPU
		{F99F7175-3A1F-43BC-B0D3-C4F530A71481}.Debug|Any CPU.Build.0 = Debug|Any CPU
		{F99F7175-3A1F-43BC-B0D3-C4F530A71481}.Release|Any CPU.ActiveCfg = Release|Any CPU
		{F99F7175-3A1F-43BC-B0D3-C4F530A71481}.Release|Any CPU.Build.0 = Release|Any CPU
	EndGlobalSection
	GlobalSection(SolutionProperties) = preSolution
		HideSolutionNode = FALSE
	EndGlobalSection
	GlobalSection(ExtensibilityGlobals) = postSolution
		SolutionGuid = {18FA1B02-DEC2-402A-BAC0-F1EDB58D6466}
	EndGlobalSection
EndGlobal
